
Microsoft Visual Studio Solution File, Format Version 12.00
# Visual Studio 14
VisualStudioVersion = 14.0.25420.1
MinimumVisualStudioVersion = 10.0.40219.1
Project("{FAE04EC0-301F-11D3-BF4B-00C04F79EFBC}") = "App-Student", "App-Student\App-Student.csproj", "{4CA21DB6-F1E5-416D-A216-E50B805ACECF}"
EndProject
Project("{2150E333-8FDC-42A3-9474-1A3956D46DE8}") = "Company", "Company", "{DCCCD68E-4650-4334-A681-70D059A00490}"
EndProject
Project("{FAE04EC0-301F-11D3-BF4B-00C04F79EFBC}") = "Company.API", "Company.API\Company.API.csproj", "{07CF8EA5-9916-426D-BC73-1D4CCA0FC5A1}"
EndProject
Project("{FAE04EC0-301F-11D3-BF4B-00C04F79EFBC}") = "Company.Dal", "Company.Dal\Company.Dal.csproj", "{FA4501E7-BF16-4EF2-B4FA-5C54A639DA4C}"
EndProject
Project("{FAE04EC0-301F-11D3-BF4B-00C04F79EFBC}") = "Company.Common", "Company.Common\Company.Common.csproj", "{A6380BB2-F37C-42D7-9052-D81682AF1ACE}"
EndProject
Project("{FAE04EC0-301F-11D3-BF4B-00C04F79EFBC}") = "Company.IDal", "Company.IDal\Company.IDal.csproj", "{2226BF5E-819A-4C1A-9E32-853E2C7F7488}"
EndProject
Project("{FAE04EC0-301F-11D3-BF4B-00C04F79EFBC}") = "Commpany.DalFactory", "Commpany.DalFactory\Commpany.DalFactory.csproj", "{2A893613-B697-423E-A63D-C0E3F3635384}"
EndProject
Project("{FAE04EC0-301F-11D3-BF4B-00C04F79EFBC}") = "Company.EFModel", "Company.EFModel\Company.EFModel.csproj", "{A363C2C6-BF95-4EE8-9BBF-FA858EE66A84}"
EndProject
Project("{FAE04EC0-301F-11D3-BF4B-00C04F79EFBC}") = "Company.BLL", "Company.BLL\Company.BLL.csproj", "{77157AB4-B1FE-45B0-B8FF-3473AAFA4D3F}"
EndProject
Project("{FAE04EC0-301F-11D3-BF4B-00C04F79EFBC}") = "Company.IBLL", "Company.IBLL\Company.IBLL.csproj", "{7F391E0F-C768-44E2-8328-254F7747E58A}"
EndProject
Global
	GlobalSection(SolutionConfigurationPlatforms) = preSolution
		Debug|Any CPU = Debug|Any CPU
		Release|Any CPU = Release|Any CPU
	EndGlobalSection
	GlobalSection(ProjectConfigurationPlatforms) = postSolution
		{4CA21DB6-F1E5-416D-A216-E50B805ACECF}.Debug|Any CPU.ActiveCfg = Debug|Any CPU
		{4CA21DB6-F1E5-416D-A216-E50B805ACECF}.Debug|Any CPU.Build.0 = Debug|Any CPU
		{4CA21DB6-F1E5-416D-A216-E50B805ACECF}.Release|Any CPU.ActiveCfg = Release|Any CPU
		{4CA21DB6-F1E5-416D-A216-E50B805ACECF}.Release|Any CPU.Build.0 = Release|Any CPU
		{07CF8EA5-9916-426D-BC73-1D4CCA0FC5A1}.Debug|Any CPU.ActiveCfg = Debug|Any CPU
		{07CF8EA5-9916-426D-BC73-1D4CCA0FC5A1}.Debug|Any CPU.Build.0 = Debug|Any CPU
		{07CF8EA5-9916-426D-BC73-1D4CCA0FC5A1}.Release|Any CPU.ActiveCfg = Release|Any CPU
		{07CF8EA5-9916-426D-BC73-1D4CCA0FC5A1}.Release|Any CPU.Build.0 = Release|Any CPU
		{FA4501E7-BF16-4EF2-B4FA-5C54A639DA4C}.Debug|Any CPU.ActiveCfg = Debug|Any CPU
		{FA4501E7-BF16-4EF2-B4FA-5C54A639DA4C}.Debug|Any CPU.Build.0 = Debug|Any CPU
		{FA4501E7-BF16-4EF2-B4FA-5C54A639DA4C}.Release|Any CPU.ActiveCfg = Release|Any CPU
		{FA4501E7-BF16-4EF2-B4FA-5C54A639DA4C}.Release|Any CPU.Build.0 = Release|Any CPU
		{A6380BB2-F37C-42D7-9052-D81682AF1ACE}.Debug|Any CPU.ActiveCfg = Debug|Any CPU
		{A6380BB2-F37C-42D7-9052-D81682AF1ACE}.Debug|Any CPU.Build.0 = Debug|Any CPU
		{A6380BB2-F37C-42D7-9052-D81682AF1ACE}.Release|Any CPU.ActiveCfg = Release|Any CPU
		{A6380BB2-F37C-42D7-9052-D81682AF1ACE}.Release|Any CPU.Build.0 = Release|Any CPU
		{2226BF5E-819A-4C1A-9E32-853E2C7F7488}.Debug|Any CPU.ActiveCfg = Debug|Any CPU
		{2226BF5E-819A-4C1A-9E32-853E2C7F7488}.Debug|Any CPU.Build.0 = Debug|Any CPU
		{2226BF5E-819A-4C1A-9E32-853E2C7F7488}.Release|Any CPU.ActiveCfg = Release|Any CPU
		{2226BF5E-819A-4C1A-9E32-853E2C7F7488}.Release|Any CPU.Build.0 = Release|Any CPU
		{2A893613-B697-423E-A63D-C0E3F3635384}.Debug|Any CPU.ActiveCfg = Debug|Any CPU
		{2A893613-B697-423E-A63D-C0E3F3635384}.Debug|Any CPU.Build.0 = Debug|Any CPU
		{2A893613-B697-423E-A63D-C0E3F3635384}.Release|Any CPU.ActiveCfg = Release|Any CPU
		{2A893613-B697-423E-A63D-C0E3F3635384}.Release|Any CPU.Build.0 = Release|Any CPU
		{A363C2C6-BF95-4EE8-9BBF-FA858EE66A84}.Debug|Any CPU.ActiveCfg = Debug|Any CPU
		{A363C2C6-BF95-4EE8-9BBF-FA858EE66A84}.Debug|Any CPU.Build.0 = Debug|Any CPU
		{A363C2C6-BF95-4EE8-9BBF-FA858EE66A84}.Release|Any CPU.ActiveCfg = Release|Any CPU
		{A363C2C6-BF95-4EE8-9BBF-FA858EE66A84}.Release|Any CPU.Build.0 = Release|Any CPU
		{77157AB4-B1FE-45B0-B8FF-3473AAFA4D3F}.Debug|Any CPU.ActiveCfg = Debug|Any CPU
		{77157AB4-B1FE-45B0-B8FF-3473AAFA4D3F}.Debug|Any CPU.Build.0 = Debug|Any CPU
		{77157AB4-B1FE-45B0-B8FF-3473AAFA4D3F}.Release|Any CPU.ActiveCfg = Release|Any CPU
		{77157AB4-B1FE-45B0-B8FF-3473AAFA4D3F}.Release|Any CPU.Build.0 = Release|Any CPU
		{7F391E0F-C768-44E2-8328-254F7747E58A}.Debug|Any CPU.ActiveCfg = Debug|Any CPU
		{7F391E0F-C768-44E2-8328-254F7747E58A}.Debug|Any CPU.Build.0 = Debug|Any CPU
		{7F391E0F-C768-44E2-8328-254F7747E58A}.Release|Any CPU.ActiveCfg = Release|Any CPU
		{7F391E0F-C768-44E2-8328-254F7747E58A}.Release|Any CPU.Build.0 = Release|Any CPU
	EndGlobalSection
	GlobalSection(SolutionProperties) = preSolution
		HideSolutionNode = FALSE
	EndGlobalSection
	GlobalSection(NestedProjects) = preSolution
		{07CF8EA5-9916-426D-BC73-1D4CCA0FC5A1} = {DCCCD68E-4650-4334-A681-70D059A00490}
		{FA4501E7-BF16-4EF2-B4FA-5C54A639DA4C} = {DCCCD68E-4650-4334-A681-70D059A00490}
		{A6380BB2-F37C-42D7-9052-D81682AF1ACE} = {DCCCD68E-4650-4334-A681-70D059A00490}
		{2226BF5E-819A-4C1A-9E32-853E2C7F7488} = {DCCCD68E-4650-4334-A681-70D059A00490}
		{2A893613-B697-423E-A63D-C0E3F3635384} = {DCCCD68E-4650-4334-A681-70D059A00490}
		{A363C2C6-BF95-4EE8-9BBF-FA858EE66A84} = {DCCCD68E-4650-4334-A681-70D059A00490}
		{77157AB4-B1FE-45B0-B8FF-3473AAFA4D3F} = {DCCCD68E-4650-4334-A681-70D059A00490}
		{7F391E0F-C768-44E2-8328-254F7747E58A} = {DCCCD68E-4650-4334-A681-70D059A00490}
	EndGlobalSection
EndGlobal
